# This file is autogenerated, do not edit; changes may be undone by the next 'dep ensure'.


[[projects]]
  name = "github.com/inconshreveable/mousetrap"
  packages = ["."]
  revision = "76626ae9c91c4f2a10f34cad8ce83ea42c93bb75"
  version = "v1.0"

[[projects]]
  name = "github.com/spf13/cobra"
  packages = ["."]
  revision = "7b2c5ac9fc04fc5efafb60700713d4fa609b777b"
  version = "v0.0.1"

[[projects]]
  name = "github.com/spf13/pflag"
  packages = ["."]
  revision = "e57e3eeb33f795204c1ca35f56c44f83227c6e66"
  version = "v1.0.0"

[[projects]]
  name = "github.com/docker/docker"
  packages = ["api/types","api/types/blkiodev","api/types/container","api/types/events","api/types/filters","api/types/mount","api/types/network","api/types/reference","api/types/registry","api/types/strslice","api/types/swarm","api/types/time","api/types/versions","api/types/volume","client","pkg/tlsconfig"]
  revision = "092cba3727bb9b4a2f0e922cd6c0f93ea270e363"
  version = "v1.13.1"

[[projects]]
  branch = "master"
  name = "golang.org/x/arch"
  packages = ["arm/armasm","ppc64/ppc64asm","x86/x86asm"]
  revision = "98fd8d9907002617e6000a77c0740a72947ca1c2"

[[projects]]
  branch = "master"
  name = "golang.org/x/blog"
  packages = ["content/context/google","content/context/userip"]
  revision = "4280d3c9435a303a94a9d6cba8092e1448ad956e"

[[projects]]
  branch = "master"
  name = "golang.org/x/crypto"
  packages = ["ssh/terminal"]
  revision = "95a4943f35d008beabde8c11e5075a1b714e6419"

[[projects]]
  branch = "master"
  name = "golang.org/x/debug"
  packages = ["dwarf","elf","macho"]
  revision = "f11d3bcfb62fc8e5d737acc91534fad5e188b8d4"

[[projects]]
  branch = "master"
  name = "golang.org/x/net"
  packages = ["context"]
  revision = "d866cfc389cec985d6fda2859936a575a55a3ab6"

[[projects]]
  branch = "master"
  name = "golang.org/x/sys"
  packages = ["unix","windows"]
  revision = "83801418e1b59fb1880e363299581ee543af32ca"

[[projects]]
  branch = "master"
  name = "golang.org/x/text"
  packages = ["collate","collate/build","internal/colltab","internal/format","internal/gen","internal/tag","internal/triegen","internal/ucd","language","language/display","transform","unicode/cldr","unicode/norm"]
  revision = "e19ae1496984b1c655b8044a65c0300a3c878dd3"

[[projects]]
  branch = "master"
  name = "golang.org/x/tour"
  packages = ["pic","reader","tree","wc"]
  revision = "65fff99b2f877724f97e10c96175e2a2bef5be86"



[solve-meta]
  analyzer-name = "dep"
  analyzer-version = 1
  inputs-digest = "ea1a1d630ce6bdf03ae4fbb7e51438d70a405292d40afa602865dcb198cae597"
  solver-name = "gps-cdcl"
  solver-version = 1
